
Microsoft Visual Studio Solution File, Format Version 12.00
# Visual Studio 15
VisualStudioVersion = 15.0.26430.14
MinimumVisualStudioVersion = 10.0.40219.1
Project("{9A19103F-16F7-4668-BE54-9A1E7A4F7556}") = "Tests", "test\Tests.csproj", "{3933EB01-1EE2-4005-956E-BDD269F2660C}"
EndProject
Project("{9A19103F-16F7-4668-BE54-9A1E7A4F7556}") = "Transloadit", "Transloadit\Transloadit.csproj", "{0B022026-B8F2-4045-A805-28A2D7DB41F0}"
EndProject
Global
	GlobalSection(SolutionConfigurationPlatforms) = preSolution
		Debug|Any CPU = Debug|Any CPU
		Release|Any CPU = Release|Any CPU
	EndGlobalSection
	GlobalSection(ProjectConfigurationPlatforms) = postSolution
		{3933EB01-1EE2-4005-956E-BDD269F2660C}.Debug|Any CPU.ActiveCfg = Debug|Any CPU
		{3933EB01-1EE2-4005-956E-BDD269F2660C}.Debug|Any CPU.Build.0 = Debug|Any CPU
		{3933EB01-1EE2-4005-956E-BDD269F2660C}.Release|Any CPU.ActiveCfg = Release|Any CPU
		{3933EB01-1EE2-4005-956E-BDD269F2660C}.Release|Any CPU.Build.0 = Release|Any CPU
		{0B022026-B8F2-4045-A805-28A2D7DB41F0}.Debug|Any CPU.ActiveCfg = Debug|Any CPU
		{0B022026-B8F2-4045-A805-28A2D7DB41F0}.Debug|Any CPU.Build.0 = Debug|Any CPU
		{0B022026-B8F2-4045-A805-28A2D7DB41F0}.Release|Any CPU.ActiveCfg = Release|Any CPU
		{0B022026-B8F2-4045-A805-28A2D7DB41F0}.Release|Any CPU.Build.0 = Release|Any CPU
	EndGlobalSection
	GlobalSection(SolutionProperties) = preSolution
		HideSolutionNode = FALSE
	EndGlobalSection
EndGlobal
